{
  "version": 4,
  "terraform_version": "0.12.25",
  "serial": 101,
  "lineage": "6bef4770-91c4-ba91-0ffc-e5e4e178d0f6",
  "outputs": {},
  "resources": [
    {
      "mode": "managed",
      "type": "aws_cloudwatch_log_group",
      "name": "lambda_log_group",
      "provider": "provider.aws",
      "instances": [
        {
          "schema_version": 0,
          "attributes": {
            "arn": "arn:aws:logs:us-east-1:694989999113:log-group:/aws/lambda/lambda_handler:*",
            "id": "/aws/lambda/lambda_handler",
            "kms_key_id": "",
            "name": "/aws/lambda/lambda_handler",
            "name_prefix": null,
            "retention_in_days": 14,
            "tags": null
          },
          "private": "bnVsbA==",
          "dependencies": [
            "aws_iam_role.lambda_tf_role",
            "aws_lambda_function.lambda_tf_function"
          ]
        }
      ]
    },
    {
      "mode": "managed",
      "type": "aws_iam_policy",
      "name": "lambda_tf_policy",
      "provider": "provider.aws",
      "instances": [
        {
          "schema_version": 0,
          "attributes": {
            "arn": "arn:aws:iam::694989999113:policy/lambda_tf_policy",
            "description": "lambda_tf_policy",
            "id": "arn:aws:iam::694989999113:policy/lambda_tf_policy",
            "name": "lambda_tf_policy",
            "name_prefix": null,
            "path": "/",
            "policy": "{\r\n  \"Version\": \"2012-10-17\",\r\n  \"Statement\": [\r\n    {\r\n            \"Action\": \"ec2:*\",\r\n            \"Effect\": \"Allow\",\r\n            \"Resource\": \"*\"\r\n    },\r\n    {\r\n      \"Action\": [\r\n         \"logs:CreateLogStream\",\r\n         \"logs:PutLogEvents\"\r\n      ],\r\n      \"Effect\": \"Allow\",\r\n      \"Resource\": \"arn:aws:logs:*:*:*\"\r\n    }\r\n  ]\r\n}\r\n"
          },
          "private": "bnVsbA=="
        }
      ]
    },
    {
      "mode": "managed",
      "type": "aws_iam_role",
      "name": "lambda_tf_role",
      "provider": "provider.aws",
      "instances": [
        {
          "schema_version": 0,
          "attributes": {
            "arn": "arn:aws:iam::694989999113:role/lambda_tf_role",
            "assume_role_policy": "{\"Version\":\"2012-10-17\",\"Statement\":[{\"Sid\":\"\",\"Effect\":\"Allow\",\"Principal\":{\"Service\":\"lambda.amazonaws.com\"},\"Action\":\"sts:AssumeRole\"}]}",
            "create_date": "2020-06-17T10:21:02Z",
            "description": "",
            "force_detach_policies": false,
            "id": "lambda_tf_role",
            "max_session_duration": 3600,
            "name": "lambda_tf_role",
            "name_prefix": null,
            "path": "/",
            "permissions_boundary": null,
            "tags": {
              "tag-key": "lambda_tf_role"
            },
            "unique_id": "AROA2DUFBZQEXHJFOFK7H"
          },
          "private": "bnVsbA=="
        }
      ]
    },
    {
      "mode": "managed",
      "type": "aws_iam_role_policy_attachment",
      "name": "test-attach",
      "provider": "provider.aws",
      "instances": [
        {
          "schema_version": 0,
          "attributes": {
            "id": "lambda_tf_role-20200617102104586600000001",
            "policy_arn": "arn:aws:iam::694989999113:policy/lambda_tf_policy",
            "role": "lambda_tf_role"
          },
          "private": "bnVsbA==",
          "dependencies": [
            "aws_iam_policy.lambda_tf_policy",
            "aws_iam_role.lambda_tf_role"
          ]
        }
      ]
    },
    {
      "mode": "managed",
      "type": "aws_lambda_function",
      "name": "lambda_tf_function",
      "provider": "provider.aws",
      "instances": [
        {
          "schema_version": 0,
          "attributes": {
            "arn": "arn:aws:lambda:us-east-1:694989999113:function:lambda_handler",
            "dead_letter_config": [],
            "description": "",
            "environment": [],
            "filename": "lambda.zip",
            "function_name": "lambda_handler",
            "handler": "lambda.lambda_handler",
            "id": "lambda_handler",
            "invoke_arn": "arn:aws:apigateway:us-east-1:lambda:path/2015-03-31/functions/arn:aws:lambda:us-east-1:694989999113:function:lambda_handler/invocations",
            "kms_key_arn": "",
            "last_modified": "2020-06-17T10:21:10.961+0000",
            "layers": null,
            "memory_size": 128,
            "publish": false,
            "qualified_arn": "arn:aws:lambda:us-east-1:694989999113:function:lambda_handler:$LATEST",
            "reserved_concurrent_executions": -1,
            "role": "arn:aws:iam::694989999113:role/lambda_tf_role",
            "runtime": "python3.8",
            "s3_bucket": null,
            "s3_key": null,
            "s3_object_version": null,
            "source_code_hash": "J8BefaCRt9Wf0tb5/K2ks5+Ek5dArN1qnrusbTpkZYQ=",
            "source_code_size": 625,
            "tags": null,
            "timeout": 3,
            "timeouts": null,
            "tracing_config": [
              {
                "mode": "PassThrough"
              }
            ],
            "version": "$LATEST",
            "vpc_config": []
          },
          "private": "eyJlMmJmYjczMC1lY2FhLTExZTYtOGY4OC0zNDM2M2JjN2M0YzAiOnsiY3JlYXRlIjo2MDAwMDAwMDAwMDB9fQ==",
          "dependencies": [
            "aws_iam_role.lambda_tf_role"
          ]
        }
      ]
    }
  ]
}
